// !$*UTF8*$!
{
	archiveVersion = 1;
	classes = {
	};
	objectVersion = 55;
	objects = {

/* Begin PBXBuildFile section */
		A9AAC4E92A9E52C2004E7802 /* BackendProductModels.swift in Sources */ = {isa = PBXBuildFile; fileRef = A9AAC4E82A9E52C2004E7802 /* BackendProductModels.swift */; };
		A9C1E36B2A9D00A10047C9DA /* AppDelegate.swift in Sources */ = {isa = PBXBuildFile; fileRef = A9C1E36A2A9D00A10047C9DA /* AppDelegate.swift */; };
		A9C1E3742A9D00A10047C9DA /* Assets.xcassets in Resources */ = {isa = PBXBuildFile; fileRef = A9C1E3732A9D00A10047C9DA /* Assets.xcassets */; };
		A9C1E3772A9D00A10047C9DA /* LaunchScreen.storyboard in Resources */ = {isa = PBXBuildFile; fileRef = A9C1E3752A9D00A10047C9DA /* LaunchScreen.storyboard */; };
		A9C1E3812A9D01B40047C9DA /* MainRouter.swift in Sources */ = {isa = PBXBuildFile; fileRef = A9C1E37F2A9D01B40047C9DA /* MainRouter.swift */; };
		A9C1E3822A9D01B40047C9DA /* AssemblyBuilder.swift in Sources */ = {isa = PBXBuildFile; fileRef = A9C1E3802A9D01B40047C9DA /* AssemblyBuilder.swift */; };
		A9C1E3872A9D01DD0047C9DA /* ProductListScreenViewController.swift in Sources */ = {isa = PBXBuildFile; fileRef = A9C1E3842A9D01DD0047C9DA /* ProductListScreenViewController.swift */; };
		A9C1E3882A9D01DD0047C9DA /* ProductListScreenPresenter.swift in Sources */ = {isa = PBXBuildFile; fileRef = A9C1E3852A9D01DD0047C9DA /* ProductListScreenPresenter.swift */; };
		A9C1E3892A9D01DD0047C9DA /* ProductListScreenProtocols.swift in Sources */ = {isa = PBXBuildFile; fileRef = A9C1E3862A9D01DD0047C9DA /* ProductListScreenProtocols.swift */; };
		A9C1E38C2A9D051C0047C9DA /* NetworkService.swift in Sources */ = {isa = PBXBuildFile; fileRef = A9C1E38B2A9D051C0047C9DA /* NetworkService.swift */; };
/* End PBXBuildFile section */

/* Begin PBXFileReference section */
		A9AAC4E82A9E52C2004E7802 /* BackendProductModels.swift */ = {isa = PBXFileReference; lastKnownFileType = sourcecode.swift; path = BackendProductModels.swift; sourceTree = "<group>"; };
		A9C1E3672A9D00A10047C9DA /* ProductList.app */ = {isa = PBXFileReference; explicitFileType = wrapper.application; includeInIndex = 0; path = ProductList.app; sourceTree = BUILT_PRODUCTS_DIR; };
		A9C1E36A2A9D00A10047C9DA /* AppDelegate.swift */ = {isa = PBXFileReference; lastKnownFileType = sourcecode.swift; path = AppDelegate.swift; sourceTree = "<group>"; };
		A9C1E3732A9D00A10047C9DA /* Assets.xcassets */ = {isa = PBXFileReference; lastKnownFileType = folder.assetcatalog; path = Assets.xcassets; sourceTree = "<group>"; };
		A9C1E3762A9D00A10047C9DA /* Base */ = {isa = PBXFileReference; lastKnownFileType = file.storyboard; name = Base; path = Base.lproj/LaunchScreen.storyboard; sourceTree = "<group>"; };
		A9C1E3782A9D00A10047C9DA /* Info.plist */ = {isa = PBXFileReference; lastKnownFileType = text.plist.xml; path = Info.plist; sourceTree = "<group>"; };
		A9C1E37F2A9D01B40047C9DA /* MainRouter.swift */ = {isa = PBXFileReference; fileEncoding = 4; lastKnownFileType = sourcecode.swift; path = MainRouter.swift; sourceTree = "<group>"; };
		A9C1E3802A9D01B40047C9DA /* AssemblyBuilder.swift */ = {isa = PBXFileReference; fileEncoding = 4; lastKnownFileType = sourcecode.swift; path = AssemblyBuilder.swift; sourceTree = "<group>"; };
		A9C1E3842A9D01DD0047C9DA /* ProductListScreenViewController.swift */ = {isa = PBXFileReference; fileEncoding = 4; lastKnownFileType = sourcecode.swift; path = ProductListScreenViewController.swift; sourceTree = "<group>"; };
		A9C1E3852A9D01DD0047C9DA /* ProductListScreenPresenter.swift */ = {isa = PBXFileReference; fileEncoding = 4; lastKnownFileType = sourcecode.swift; path = ProductListScreenPresenter.swift; sourceTree = "<group>"; };
		A9C1E3862A9D01DD0047C9DA /* ProductListScreenProtocols.swift */ = {isa = PBXFileReference; fileEncoding = 4; lastKnownFileType = sourcecode.swift; path = ProductListScreenProtocols.swift; sourceTree = "<group>"; };
		A9C1E38B2A9D051C0047C9DA /* NetworkService.swift */ = {isa = PBXFileReference; lastKnownFileType = sourcecode.swift; path = NetworkService.swift; sourceTree = "<group>"; };
/* End PBXFileReference section */

/* Begin PBXFrameworksBuildPhase section */
		A9C1E3642A9D00A10047C9DA /* Frameworks */ = {
			isa = PBXFrameworksBuildPhase;
			buildActionMask = 2147483647;
			files = (
			);
			runOnlyForDeploymentPostprocessing = 0;
		};
/* End PBXFrameworksBuildPhase section */

/* Begin PBXGroup section */
		A9AAC4E72A9E528D004E7802 /* Models */ = {
			isa = PBXGroup;
			children = (
				A9AAC4E82A9E52C2004E7802 /* BackendProductModels.swift */,
			);
			path = Models;
			sourceTree = "<group>";
		};
		A9C1E35E2A9D00A10047C9DA = {
			isa = PBXGroup;
			children = (
				A9C1E3692A9D00A10047C9DA /* ProductList */,
				A9C1E3682A9D00A10047C9DA /* Products */,
			);
			sourceTree = "<group>";
		};
		A9C1E3682A9D00A10047C9DA /* Products */ = {
			isa = PBXGroup;
			children = (
				A9C1E3672A9D00A10047C9DA /* ProductList.app */,
			);
			name = Products;
			sourceTree = "<group>";
		};
		A9C1E3692A9D00A10047C9DA /* ProductList */ = {
			isa = PBXGroup;
			children = (
				A9C1E38A2A9D04CB0047C9DA /* Services */,
				A9C1E3832A9D01BC0047C9DA /* ProductListModule */,
				A9C1E37E2A9D01360047C9DA /* Navigation */,
				A9C1E36A2A9D00A10047C9DA /* AppDelegate.swift */,
				A9C1E3732A9D00A10047C9DA /* Assets.xcassets */,
				A9C1E3752A9D00A10047C9DA /* LaunchScreen.storyboard */,
				A9C1E3782A9D00A10047C9DA /* Info.plist */,
			);
			path = ProductList;
			sourceTree = "<group>";
		};
		A9C1E37E2A9D01360047C9DA /* Navigation */ = {
			isa = PBXGroup;
			children = (
				A9C1E3802A9D01B40047C9DA /* AssemblyBuilder.swift */,
				A9C1E37F2A9D01B40047C9DA /* MainRouter.swift */,
			);
			path = Navigation;
			sourceTree = "<group>";
		};
		A9C1E3832A9D01BC0047C9DA /* ProductListModule */ = {
			isa = PBXGroup;
			children = (
				A9AAC4E72A9E528D004E7802 /* Models */,
				A9C1E3852A9D01DD0047C9DA /* ProductListScreenPresenter.swift */,
				A9C1E3862A9D01DD0047C9DA /* ProductListScreenProtocols.swift */,
				A9C1E3842A9D01DD0047C9DA /* ProductListScreenViewController.swift */,
			);
			path = ProductListModule;
			sourceTree = "<group>";
		};
		A9C1E38A2A9D04CB0047C9DA /* Services */ = {
			isa = PBXGroup;
			children = (
				A9C1E38B2A9D051C0047C9DA /* NetworkService.swift */,
			);
			path = Services;
			sourceTree = "<group>";
		};
/* End PBXGroup section */

/* Begin PBXNativeTarget section */
		A9C1E3662A9D00A10047C9DA /* ProductList */ = {
			isa = PBXNativeTarget;
			buildConfigurationList = A9C1E37B2A9D00A10047C9DA /* Build configuration list for PBXNativeTarget "ProductList" */;
			buildPhases = (
				A9C1E3632A9D00A10047C9DA /* Sources */,
				A9C1E3642A9D00A10047C9DA /* Frameworks */,
				A9C1E3652A9D00A10047C9DA /* Resources */,
			);
			buildRules = (
			);
			dependencies = (
			);
			name = ProductList;
			productName = ProductList;
			productReference = A9C1E3672A9D00A10047C9DA /* ProductList.app */;
			productType = "com.apple.product-type.application";
		};
/* End PBXNativeTarget section */

/* Begin PBXProject section */
		A9C1E35F2A9D00A10047C9DA /* Project object */ = {
			isa = PBXProject;
			attributes = {
				BuildIndependentTargetsInParallel = 1;
				LastSwiftUpdateCheck = 1340;
				LastUpgradeCheck = 1340;
				TargetAttributes = {
					A9C1E3662A9D00A10047C9DA = {
						CreatedOnToolsVersion = 13.4.1;
					};
				};
			};
			buildConfigurationList = A9C1E3622A9D00A10047C9DA /* Build configuration list for PBXProject "ProductList" */;
			compatibilityVersion = "Xcode 13.0";
			developmentRegion = en;
			hasScannedForEncodings = 0;
			knownRegions = (
				en,
				Base,
			);
			mainGroup = A9C1E35E2A9D00A10047C9DA;
			productRefGroup = A9C1E3682A9D00A10047C9DA /* Products */;
			projectDirPath = "";
			projectRoot = "";
			targets = (
				A9C1E3662A9D00A10047C9DA /* ProductList */,
			);
		};
/* End PBXProject section */

/* Begin PBXResourcesBuildPhase section */
		A9C1E3652A9D00A10047C9DA /* Resources */ = {
			isa = PBXResourcesBuildPhase;
			buildActionMask = 2147483647;
			files = (
				A9C1E3772A9D00A10047C9DA /* LaunchScreen.storyboard in Resources */,
				A9C1E3742A9D00A10047C9DA /* Assets.xcassets in Resources */,
			);
			runOnlyForDeploymentPostprocessing = 0;
		};
/* End PBXResourcesBuildPhase section */

/* Begin PBXSourcesBuildPhase section */
		A9C1E3632A9D00A10047C9DA /* Sources */ = {
			isa = PBXSourcesBuildPhase;
			buildActionMask = 2147483647;
			files = (
				A9C1E3872A9D01DD0047C9DA /* ProductListScreenViewController.swift in Sources */,
				A9C1E3882A9D01DD0047C9DA /* ProductListScreenPresenter.swift in Sources */,
				A9AAC4E92A9E52C2004E7802 /* BackendProductModels.swift in Sources */,
				A9C1E36B2A9D00A10047C9DA /* AppDelegate.swift in Sources */,
				A9C1E3892A9D01DD0047C9DA /* ProductListScreenProtocols.swift in Sources */,
				A9C1E3812A9D01B40047C9DA /* MainRouter.swift in Sources */,
				A9C1E3822A9D01B40047C9DA /* AssemblyBuilder.swift in Sources */,
				A9C1E38C2A9D051C0047C9DA /* NetworkService.swift in Sources */,
			);
			runOnlyForDeploymentPostprocessing = 0;
		};
/* End PBXSourcesBuildPhase section */

/* Begin PBXVariantGroup section */
		A9C1E3752A9D00A10047C9DA /* LaunchScreen.storyboard */ = {
			isa = PBXVariantGroup;
			children = (
				A9C1E3762A9D00A10047C9DA /* Base */,
			);
			name = LaunchScreen.storyboard;
			sourceTree = "<group>";
		};
/* End PBXVariantGroup section */

/* Begin XCBuildConfiguration section */
		A9C1E3792A9D00A10047C9DA /* Debug */ = {
			isa = XCBuildConfiguration;
			buildSettings = {
				ALWAYS_SEARCH_USER_PATHS = NO;
				CLANG_ANALYZER_NONNULL = YES;
				CLANG_ANALYZER_NUMBER_OBJECT_CONVERSION = YES_AGGRESSIVE;
				CLANG_CXX_LANGUAGE_STANDARD = "gnu++17";
				CLANG_ENABLE_MODULES = YES;
				CLANG_ENABLE_OBJC_ARC = YES;
				CLANG_ENABLE_OBJC_WEAK = YES;
				CLANG_WARN_BLOCK_CAPTURE_AUTORELEASING = YES;
				CLANG_WARN_BOOL_CONVERSION = YES;
				CLANG_WARN_COMMA = YES;
				CLANG_WARN_CONSTANT_CONVERSION = YES;
				CLANG_WARN_DEPRECATED_OBJC_IMPLEMENTATIONS = YES;
				CLANG_WARN_DIRECT_OBJC_ISA_USAGE = YES_ERROR;
				CLANG_WARN_DOCUMENTATION_COMMENTS = YES;
				CLANG_WARN_EMPTY_BODY = YES;
				CLANG_WARN_ENUM_CONVERSION = YES;
				CLANG_WARN_INFINITE_RECURSION = YES;
				CLANG_WARN_INT_CONVERSION = YES;
				CLANG_WARN_NON_LITERAL_NULL_CONVERSION = YES;
				CLANG_WARN_OBJC_IMPLICIT_RETAIN_SELF = YES;
				CLANG_WARN_OBJC_LITERAL_CONVERSION = YES;
				CLANG_WARN_OBJC_ROOT_CLASS = YES_ERROR;
				CLANG_WARN_QUOTED_INCLUDE_IN_FRAMEWORK_HEADER = YES;
				CLANG_WARN_RANGE_LOOP_ANALYSIS = YES;
				CLANG_WARN_STRICT_PROTOTYPES = YES;
				CLANG_WARN_SUSPICIOUS_MOVE = YES;
				CLANG_WARN_UNGUARDED_AVAILABILITY = YES_AGGRESSIVE;
				CLANG_WARN_UNREACHABLE_CODE = YES;
				CLANG_WARN__DUPLICATE_METHOD_MATCH = YES;
				COPY_PHASE_STRIP = NO;
				DEBUG_INFORMATION_FORMAT = dwarf;
				ENABLE_STRICT_OBJC_MSGSEND = YES;
				ENABLE_TESTABILITY = YES;
				GCC_C_LANGUAGE_STANDARD = gnu11;
				GCC_DYNAMIC_NO_PIC = NO;
				GCC_NO_COMMON_BLOCKS = YES;
				GCC_OPTIMIZATION_LEVEL = 0;
				GCC_PREPROCESSOR_DEFINITIONS = (
					"DEBUG=1",
					"$(inherited)",
				);
				GCC_WARN_64_TO_32_BIT_CONVERSION = YES;
				GCC_WARN_ABOUT_RETURN_TYPE = YES_ERROR;
				GCC_WARN_UNDECLARED_SELECTOR = YES;
				GCC_WARN_UNINITIALIZED_AUTOS = YES_AGGRESSIVE;
				GCC_WARN_UNUSED_FUNCTION = YES;
				GCC_WARN_UNUSED_VARIABLE = YES;
				IPHONEOS_DEPLOYMENT_TARGET = 15.5;
				MTL_ENABLE_DEBUG_INFO = INCLUDE_SOURCE;
				MTL_FAST_MATH = YES;
				ONLY_ACTIVE_ARCH = YES;
				SDKROOT = iphoneos;
				SWIFT_ACTIVE_COMPILATION_CONDITIONS = DEBUG;
				SWIFT_OPTIMIZATION_LEVEL = "-Onone";
			};
			name = Debug;
		};
		A9C1E37A2A9D00A10047C9DA /* Release */ = {
			isa = XCBuildConfiguration;
			buildSettings = {
				ALWAYS_SEARCH_USER_PATHS = NO;
				CLANG_ANALYZER_NONNULL = YES;
				CLANG_ANALYZER_NUMBER_OBJECT_CONVERSION = YES_AGGRESSIVE;
				CLANG_CXX_LANGUAGE_STANDARD = "gnu++17";
				CLANG_ENABLE_MODULES = YES;
				CLANG_ENABLE_OBJC_ARC = YES;
				CLANG_ENABLE_OBJC_WEAK = YES;
				CLANG_WARN_BLOCK_CAPTURE_AUTORELEASING = YES;
				CLANG_WARN_BOOL_CONVERSION = YES;
				CLANG_WARN_COMMA = YES;
				CLANG_WARN_CONSTANT_CONVERSION = YES;
				CLANG_WARN_DEPRECATED_OBJC_IMPLEMENTATIONS = YES;
				CLANG_WARN_DIRECT_OBJC_ISA_USAGE = YES_ERROR;
				CLANG_WARN_DOCUMENTATION_COMMENTS = YES;
				CLANG_WARN_EMPTY_BODY = YES;
				CLANG_WARN_ENUM_CONVERSION = YES;
				CLANG_WARN_INFINITE_RECURSION = YES;
				CLANG_WARN_INT_CONVERSION = YES;
				CLANG_WARN_NON_LITERAL_NULL_CONVERSION = YES;
				CLANG_WARN_OBJC_IMPLICIT_RETAIN_SELF = YES;
				CLANG_WARN_OBJC_LITERAL_CONVERSION = YES;
				CLANG_WARN_OBJC_ROOT_CLASS = YES_ERROR;
				CLANG_WARN_QUOTED_INCLUDE_IN_FRAMEWORK_HEADER = YES;
				CLANG_WARN_RANGE_LOOP_ANALYSIS = YES;
				CLANG_WARN_STRICT_PROTOTYPES = YES;
				CLANG_WARN_SUSPICIOUS_MOVE = YES;
				CLANG_WARN_UNGUARDED_AVAILABILITY = YES_AGGRESSIVE;
				CLANG_WARN_UNREACHABLE_CODE = YES;
				CLANG_WARN__DUPLICATE_METHOD_MATCH = YES;
				COPY_PHASE_STRIP = NO;
				DEBUG_INFORMATION_FORMAT = "dwarf-with-dsym";
				ENABLE_NS_ASSERTIONS = NO;
				ENABLE_STRICT_OBJC_MSGSEND = YES;
				GCC_C_LANGUAGE_STANDARD = gnu11;
				GCC_NO_COMMON_BLOCKS = YES;
				GCC_WARN_64_TO_32_BIT_CONVERSION = YES;
				GCC_WARN_ABOUT_RETURN_TYPE = YES_ERROR;
				GCC_WARN_UNDECLARED_SELECTOR = YES;
				GCC_WARN_UNINITIALIZED_AUTOS = YES_AGGRESSIVE;
				GCC_WARN_UNUSED_FUNCTION = YES;
				GCC_WARN_UNUSED_VARIABLE = YES;
				IPHONEOS_DEPLOYMENT_TARGET = 15.5;
				MTL_ENABLE_DEBUG_INFO = NO;
				MTL_FAST_MATH = YES;
				SDKROOT = iphoneos;
				SWIFT_COMPILATION_MODE = wholemodule;
				SWIFT_OPTIMIZATION_LEVEL = "-O";
				VALIDATE_PRODUCT = YES;
			};
			name = Release;
		};
		A9C1E37C2A9D00A10047C9DA /* Debug */ = {
			isa = XCBuildConfiguration;
			buildSettings = {
				ASSETCATALOG_COMPILER_APPICON_NAME = AppIcon;
				ASSETCATALOG_COMPILER_GLOBAL_ACCENT_COLOR_NAME = AccentColor;
				CODE_SIGN_STYLE = Automatic;
				CURRENT_PROJECT_VERSION = 1;
				DEVELOPMENT_TEAM = 73WF872FS5;
				GENERATE_INFOPLIST_FILE = YES;
				INFOPLIST_FILE = ProductList/Info.plist;
				INFOPLIST_KEY_UIApplicationSupportsIndirectInputEvents = YES;
				INFOPLIST_KEY_UILaunchStoryboardName = LaunchScreen;
				INFOPLIST_KEY_UISupportedInterfaceOrientations = UIInterfaceOrientationPortrait;
				INFOPLIST_KEY_UISupportedInterfaceOrientations_iPad = "UIInterfaceOrientationPortrait UIInterfaceOrientationPortraitUpsideDown UIInterfaceOrientationLandscapeLeft UIInterfaceOrientationLandscapeRight";
				INFOPLIST_KEY_UISupportedInterfaceOrientations_iPhone = "UIInterfaceOrientationPortrait UIInterfaceOrientationLandscapeLeft UIInterfaceOrientationLandscapeRight";
				LD_RUNPATH_SEARCH_PATHS = (
					"$(inherited)",
					"@executable_path/Frameworks",
				);
				MARKETING_VERSION = 1.0;
				PRODUCT_BUNDLE_IDENTIFIER = ann.ivanova.ProductList;
				PRODUCT_NAME = "$(TARGET_NAME)";
				SWIFT_EMIT_LOC_STRINGS = YES;
				SWIFT_VERSION = 5.0;
				TARGETED_DEVICE_FAMILY = 1;
			};
			name = Debug;
		};
		A9C1E37D2A9D00A10047C9DA /* Release */ = {
			isa = XCBuildConfiguration;
			buildSettings = {
				ASSETCATALOG_COMPILER_APPICON_NAME = AppIcon;
				ASSETCATALOG_COMPILER_GLOBAL_ACCENT_COLOR_NAME = AccentColor;
				CODE_SIGN_STYLE = Automatic;
				CURRENT_PROJECT_VERSION = 1;
				DEVELOPMENT_TEAM = 73WF872FS5;
				GENERATE_INFOPLIST_FILE = YES;
				INFOPLIST_FILE = ProductList/Info.plist;
				INFOPLIST_KEY_UIApplicationSupportsIndirectInputEvents = YES;
				INFOPLIST_KEY_UILaunchStoryboardName = LaunchScreen;
				INFOPLIST_KEY_UISupportedInterfaceOrientations = UIInterfaceOrientationPortrait;
				INFOPLIST_KEY_UISupportedInterfaceOrientations_iPad = "UIInterfaceOrientationPortrait UIInterfaceOrientationPortraitUpsideDown UIInterfaceOrientationLandscapeLeft UIInterfaceOrientationLandscapeRight";
				INFOPLIST_KEY_UISupportedInterfaceOrientations_iPhone = "UIInterfaceOrientationPortrait UIInterfaceOrientationLandscapeLeft UIInterfaceOrientationLandscapeRight";
				LD_RUNPATH_SEARCH_PATHS = (
					"$(inherited)",
					"@executable_path/Frameworks",
				);
				MARKETING_VERSION = 1.0;
				PRODUCT_BUNDLE_IDENTIFIER = ann.ivanova.ProductList;
				PRODUCT_NAME = "$(TARGET_NAME)";
				SWIFT_EMIT_LOC_STRINGS = YES;
				SWIFT_VERSION = 5.0;
				TARGETED_DEVICE_FAMILY = 1;
			};
			name = Release;
		};
/* End XCBuildConfiguration section */

/* Begin XCConfigurationList section */
		A9C1E3622A9D00A10047C9DA /* Build configuration list for PBXProject "ProductList" */ = {
			isa = XCConfigurationList;
			buildConfigurations = (
				A9C1E3792A9D00A10047C9DA /* Debug */,
				A9C1E37A2A9D00A10047C9DA /* Release */,
			);
			defaultConfigurationIsVisible = 0;
			defaultConfigurationName = Release;
		};
		A9C1E37B2A9D00A10047C9DA /* Build configuration list for PBXNativeTarget "ProductList" */ = {
			isa = XCConfigurationList;
			buildConfigurations = (
				A9C1E37C2A9D00A10047C9DA /* Debug */,
				A9C1E37D2A9D00A10047C9DA /* Release */,
			);
			defaultConfigurationIsVisible = 0;
			defaultConfigurationName = Release;
		};
/* End XCConfigurationList section */
	};
	rootObject = A9C1E35F2A9D00A10047C9DA /* Project object */;
}
